// !$*UTF8*$!
{
	archiveVersion = 1;
	classes = {
	};
	objectVersion = 77;
	objects = {

/* Begin PBXBuildFile section */
		04E1AFAA2E1B17B3002A2102 /* README.md in Resources */ = {isa = PBXBuildFile; fileRef = 04E1AFA92E1B17B3002A2102 /* README.md */; };
/* End PBXBuildFile section */

/* Begin PBXContainerItemProxy section */
		04E1AF722E1AED2B002A2102 /* PBXContainerItemProxy */ = {
			isa = PBXContainerItemProxy;
			containerPortal = 04E1AF5B2E1AED29002A2102 /* Project object */;
			proxyType = 1;
			remoteGlobalIDString = 04E1AF622E1AED29002A2102;
			remoteInfo = ClipBoardManager;
		};
		04E1AF7C2E1AED2B002A2102 /* PBXContainerItemProxy */ = {
			isa = PBXContainerItemProxy;
			containerPortal = 04E1AF5B2E1AED29002A2102 /* Project object */;
			proxyType = 1;
			remoteGlobalIDString = 04E1AF622E1AED29002A2102;
			remoteInfo = ClipBoardManager;
		};
/* End PBXContainerItemProxy section */

/* Begin PBXFileReference section */
		04E1AF632E1AED29002A2102 /* ClipBoardManager.app */ = {isa = PBXFileReference; explicitFileType = wrapper.application; includeInIndex = 0; path = ClipBoardManager.app; sourceTree = BUILT_PRODUCTS_DIR; };
		04E1AF712E1AED2B002A2102 /* ClipBoardManagerTests.xctest */ = {isa = PBXFileReference; explicitFileType = wrapper.cfbundle; includeInIndex = 0; path = ClipBoardManagerTests.xctest; sourceTree = BUILT_PRODUCTS_DIR; };
		04E1AF7B2E1AED2B002A2102 /* ClipBoardManagerUITests.xctest */ = {isa = PBXFileReference; explicitFileType = wrapper.cfbundle; includeInIndex = 0; path = ClipBoardManagerUITests.xctest; sourceTree = BUILT_PRODUCTS_DIR; };
		04E1AF9B2E1AF081002A2102 /* ClipboardManager.entitlements */ = {isa = PBXFileReference; lastKnownFileType = text.plist.entitlements; path = ClipboardManager.entitlements; sourceTree = "<group>"; };
		04E1AFA92E1B17B3002A2102 /* README.md */ = {isa = PBXFileReference; lastKnownFileType = net.daringfireball.markdown; path = README.md; sourceTree = "<group>"; };
/* End PBXFileReference section */

/* Begin PBXFileSystemSynchronizedBuildFileExceptionSet section */
		0453FE9F2E1BAD72003F1575 /* Exceptions for "ClipBoardManager" folder in "ClipBoardManager" target */ = {
			isa = PBXFileSystemSynchronizedBuildFileExceptionSet;
			membershipExceptions = (
				Info.plist,
			);
			target = 04E1AF622E1AED29002A2102 /* ClipBoardManager */;
		};
/* End PBXFileSystemSynchronizedBuildFileExceptionSet section */

/* Begin PBXFileSystemSynchronizedGroupBuildPhaseMembershipExceptionSet section */
		04E1AFA32E1AF260002A2102 /* Exceptions for "ClipBoardManager" folder in "Copy Bundle Resources" phase from "ClipBoardManager" target */ = {
			isa = PBXFileSystemSynchronizedGroupBuildPhaseMembershipExceptionSet;
			buildPhase = 04E1AF612E1AED29002A2102 /* Resources */;
			membershipExceptions = (
				PasteSimulator.swift,
			);
		};
/* End PBXFileSystemSynchronizedGroupBuildPhaseMembershipExceptionSet section */

/* Begin PBXFileSystemSynchronizedRootGroup section */
		04E1AF652E1AED29002A2102 /* ClipBoardManager */ = {
			isa = PBXFileSystemSynchronizedRootGroup;
			exceptions = (
				0453FE9F2E1BAD72003F1575 /* Exceptions for "ClipBoardManager" folder in "ClipBoardManager" target */,
				04E1AFA32E1AF260002A2102 /* Exceptions for "ClipBoardManager" folder in "Copy Bundle Resources" phase from "ClipBoardManager" target */,
			);
			path = ClipBoardManager;
			sourceTree = "<group>";
		};
		04E1AF742E1AED2B002A2102 /* ClipBoardManagerTests */ = {
			isa = PBXFileSystemSynchronizedRootGroup;
			path = ClipBoardManagerTests;
			sourceTree = "<group>";
		};
		04E1AF7E2E1AED2B002A2102 /* ClipBoardManagerUITests */ = {
			isa = PBXFileSystemSynchronizedRootGroup;
			path = ClipBoardManagerUITests;
			sourceTree = "<group>";
		};
/* End PBXFileSystemSynchronizedRootGroup section */

/* Begin PBXFrameworksBuildPhase section */
		04E1AF602E1AED29002A2102 /* Frameworks */ = {
			isa = PBXFrameworksBuildPhase;
			buildActionMask = 2147483647;
			files = (
			);
			runOnlyForDeploymentPostprocessing = 0;
		};
		04E1AF6E2E1AED2B002A2102 /* Frameworks */ = {
			isa = PBXFrameworksBuildPhase;
			buildActionMask = 2147483647;
			files = (
			);
			runOnlyForDeploymentPostprocessing = 0;
		};
		04E1AF782E1AED2B002A2102 /* Frameworks */ = {
			isa = PBXFrameworksBuildPhase;
			buildActionMask = 2147483647;
			files = (
			);
			runOnlyForDeploymentPostprocessing = 0;
		};
/* End PBXFrameworksBuildPhase section */

/* Begin PBXGroup section */
		04E1AF5A2E1AED29002A2102 = {
			isa = PBXGroup;
			children = (
				04E1AF9B2E1AF081002A2102 /* ClipboardManager.entitlements */,
				04E1AFA92E1B17B3002A2102 /* README.md */,
				04E1AF652E1AED29002A2102 /* ClipBoardManager */,
				04E1AF742E1AED2B002A2102 /* ClipBoardManagerTests */,
				04E1AF7E2E1AED2B002A2102 /* ClipBoardManagerUITests */,
				04E1AF642E1AED29002A2102 /* Products */,
			);
			sourceTree = "<group>";
		};
		04E1AF642E1AED29002A2102 /* Products */ = {
			isa = PBXGroup;
			children = (
				04E1AF632E1AED29002A2102 /* ClipBoardManager.app */,
				04E1AF712E1AED2B002A2102 /* ClipBoardManagerTests.xctest */,
				04E1AF7B2E1AED2B002A2102 /* ClipBoardManagerUITests.xctest */,
			);
			name = Products;
			sourceTree = "<group>";
		};
/* End PBXGroup section */

/* Begin PBXNativeTarget section */
		04E1AF622E1AED29002A2102 /* ClipBoardManager */ = {
			isa = PBXNativeTarget;
			buildConfigurationList = 04E1AF852E1AED2B002A2102 /* Build configuration list for PBXNativeTarget "ClipBoardManager" */;
			buildPhases = (
				04E1AF5F2E1AED29002A2102 /* Sources */,
				04E1AF602E1AED29002A2102 /* Frameworks */,
				04E1AF612E1AED29002A2102 /* Resources */,
			);
			buildRules = (
			);
			dependencies = (
			);
			fileSystemSynchronizedGroups = (
				04E1AF652E1AED29002A2102 /* ClipBoardManager */,
			);
			name = ClipBoardManager;
			packageProductDependencies = (
			);
			productName = ClipBoardManager;
			productReference = 04E1AF632E1AED29002A2102 /* ClipBoardManager.app */;
			productType = "com.apple.product-type.application";
		};
		04E1AF702E1AED2B002A2102 /* ClipBoardManagerTests */ = {
			isa = PBXNativeTarget;
			buildConfigurationList = 04E1AF882E1AED2B002A2102 /* Build configuration list for PBXNativeTarget "ClipBoardManagerTests" */;
			buildPhases = (
				04E1AF6D2E1AED2B002A2102 /* Sources */,
				04E1AF6E2E1AED2B002A2102 /* Frameworks */,
				04E1AF6F2E1AED2B002A2102 /* Resources */,
			);
			buildRules = (
			);
			dependencies = (
				04E1AF732E1AED2B002A2102 /* PBXTargetDependency */,
			);
			fileSystemSynchronizedGroups = (
				04E1AF742E1AED2B002A2102 /* ClipBoardManagerTests */,
			);
			name = ClipBoardManagerTests;
			packageProductDependencies = (
			);
			productName = ClipBoardManagerTests;
			productReference = 04E1AF712E1AED2B002A2102 /* ClipBoardManagerTests.xctest */;
			productType = "com.apple.product-type.bundle.unit-test";
		};
		04E1AF7A2E1AED2B002A2102 /* ClipBoardManagerUITests */ = {
			isa = PBXNativeTarget;
			buildConfigurationList = 04E1AF8B2E1AED2B002A2102 /* Build configuration list for PBXNativeTarget "ClipBoardManagerUITests" */;
			buildPhases = (
				04E1AF772E1AED2B002A2102 /* Sources */,
				04E1AF782E1AED2B002A2102 /* Frameworks */,
				04E1AF792E1AED2B002A2102 /* Resources */,
			);
			buildRules = (
			);
			dependencies = (
				04E1AF7D2E1AED2B002A2102 /* PBXTargetDependency */,
			);
			fileSystemSynchronizedGroups = (
				04E1AF7E2E1AED2B002A2102 /* ClipBoardManagerUITests */,
			);
			name = ClipBoardManagerUITests;
			packageProductDependencies = (
			);
			productName = ClipBoardManagerUITests;
			productReference = 04E1AF7B2E1AED2B002A2102 /* ClipBoardManagerUITests.xctest */;
			productType = "com.apple.product-type.bundle.ui-testing";
		};
/* End PBXNativeTarget section */

/* Begin PBXProject section */
		04E1AF5B2E1AED29002A2102 /* Project object */ = {
			isa = PBXProject;
			attributes = {
				BuildIndependentTargetsInParallel = 1;
				LastSwiftUpdateCheck = 1640;
				LastUpgradeCheck = 1640;
				TargetAttributes = {
					04E1AF622E1AED29002A2102 = {
						CreatedOnToolsVersion = 16.4;
					};
					04E1AF702E1AED2B002A2102 = {
						CreatedOnToolsVersion = 16.4;
						TestTargetID = 04E1AF622E1AED29002A2102;
					};
					04E1AF7A2E1AED2B002A2102 = {
						CreatedOnToolsVersion = 16.4;
						TestTargetID = 04E1AF622E1AED29002A2102;
					};
				};
			};
			buildConfigurationList = 04E1AF5E2E1AED29002A2102 /* Build configuration list for PBXProject "ClipBoardManager" */;
			developmentRegion = en;
			hasScannedForEncodings = 0;
			knownRegions = (
				en,
				Base,
			);
			mainGroup = 04E1AF5A2E1AED29002A2102;
			minimizedProjectReferenceProxies = 1;
			preferredProjectObjectVersion = 77;
			productRefGroup = 04E1AF642E1AED29002A2102 /* Products */;
			projectDirPath = "";
			projectRoot = "";
			targets = (
				04E1AF622E1AED29002A2102 /* ClipBoardManager */,
				04E1AF702E1AED2B002A2102 /* ClipBoardManagerTests */,
				04E1AF7A2E1AED2B002A2102 /* ClipBoardManagerUITests */,
			);
		};
/* End PBXProject section */

/* Begin PBXResourcesBuildPhase section */
		04E1AF612E1AED29002A2102 /* Resources */ = {
			isa = PBXResourcesBuildPhase;
			buildActionMask = 2147483647;
			files = (
				04E1AFAA2E1B17B3002A2102 /* README.md in Resources */,
			);
			runOnlyForDeploymentPostprocessing = 0;
		};
		04E1AF6F2E1AED2B002A2102 /* Resources */ = {
			isa = PBXResourcesBuildPhase;
			buildActionMask = 2147483647;
			files = (
			);
			runOnlyForDeploymentPostprocessing = 0;
		};
		04E1AF792E1AED2B002A2102 /* Resources */ = {
			isa = PBXResourcesBuildPhase;
			buildActionMask = 2147483647;
			files = (
			);
			runOnlyForDeploymentPostprocessing = 0;
		};
/* End PBXResourcesBuildPhase section */

/* Begin PBXSourcesBuildPhase section */
		04E1AF5F2E1AED29002A2102 /* Sources */ = {
			isa = PBXSourcesBuildPhase;
			buildActionMask = 2147483647;
			files = (
			);
			runOnlyForDeploymentPostprocessing = 0;
		};
		04E1AF6D2E1AED2B002A2102 /* Sources */ = {
			isa = PBXSourcesBuildPhase;
			buildActionMask = 2147483647;
			files = (
			);
			runOnlyForDeploymentPostprocessing = 0;
		};
		04E1AF772E1AED2B002A2102 /* Sources */ = {
			isa = PBXSourcesBuildPhase;
			buildActionMask = 2147483647;
			files = (
			);
			runOnlyForDeploymentPostprocessing = 0;
		};
/* End PBXSourcesBuildPhase section */

/* Begin PBXTargetDependency section */
		04E1AF732E1AED2B002A2102 /* PBXTargetDependency */ = {
			isa = PBXTargetDependency;
			target = 04E1AF622E1AED29002A2102 /* ClipBoardManager */;
			targetProxy = 04E1AF722E1AED2B002A2102 /* PBXContainerItemProxy */;
		};
		04E1AF7D2E1AED2B002A2102 /* PBXTargetDependency */ = {
			isa = PBXTargetDependency;
			target = 04E1AF622E1AED29002A2102 /* ClipBoardManager */;
			targetProxy = 04E1AF7C2E1AED2B002A2102 /* PBXContainerItemProxy */;
		};
/* End PBXTargetDependency section */

/* Begin XCBuildConfiguration section */
		04E1AF832E1AED2B002A2102 /* Debug */ = {
			isa = XCBuildConfiguration;
			buildSettings = {
				ALWAYS_SEARCH_USER_PATHS = NO;
				ASSETCATALOG_COMPILER_GENERATE_SWIFT_ASSET_SYMBOL_EXTENSIONS = YES;
				CLANG_ANALYZER_NONNULL = YES;
				CLANG_ANALYZER_NUMBER_OBJECT_CONVERSION = YES_AGGRESSIVE;
				CLANG_CXX_LANGUAGE_STANDARD = "gnu++20";
				CLANG_ENABLE_MODULES = YES;
				CLANG_ENABLE_OBJC_ARC = YES;
				CLANG_ENABLE_OBJC_WEAK = YES;
				CLANG_WARN_BLOCK_CAPTURE_AUTORELEASING = YES;
				CLANG_WARN_BOOL_CONVERSION = YES;
				CLANG_WARN_COMMA = YES;
				CLANG_WARN_CONSTANT_CONVERSION = YES;
				CLANG_WARN_DEPRECATED_OBJC_IMPLEMENTATIONS = YES;
				CLANG_WARN_DIRECT_OBJC_ISA_USAGE = YES_ERROR;
				CLANG_WARN_DOCUMENTATION_COMMENTS = YES;
				CLANG_WARN_EMPTY_BODY = YES;
				CLANG_WARN_ENUM_CONVERSION = YES;
				CLANG_WARN_INFINITE_RECURSION = YES;
				CLANG_WARN_INT_CONVERSION = YES;
				CLANG_WARN_NON_LITERAL_NULL_CONVERSION = YES;
				CLANG_WARN_OBJC_IMPLICIT_RETAIN_SELF = YES;
				CLANG_WARN_OBJC_LITERAL_CONVERSION = YES;
				CLANG_WARN_OBJC_ROOT_CLASS = YES_ERROR;
				CLANG_WARN_QUOTED_INCLUDE_IN_FRAMEWORK_HEADER = YES;
				CLANG_WARN_RANGE_LOOP_ANALYSIS = YES;
				CLANG_WARN_STRICT_PROTOTYPES = YES;
				CLANG_WARN_SUSPICIOUS_MOVE = YES;
				CLANG_WARN_UNGUARDED_AVAILABILITY = YES_AGGRESSIVE;
				CLANG_WARN_UNREACHABLE_CODE = YES;
				CLANG_WARN__DUPLICATE_METHOD_MATCH = YES;
				COPY_PHASE_STRIP = NO;
				DEBUG_INFORMATION_FORMAT = dwarf;
				ENABLE_STRICT_OBJC_MSGSEND = YES;
				ENABLE_TESTABILITY = YES;
				ENABLE_USER_SCRIPT_SANDBOXING = YES;
				GCC_C_LANGUAGE_STANDARD = gnu17;
				GCC_DYNAMIC_NO_PIC = NO;
				GCC_NO_COMMON_BLOCKS = YES;
				GCC_OPTIMIZATION_LEVEL = 0;
				GCC_PREPROCESSOR_DEFINITIONS = (
					"DEBUG=1",
					"$(inherited)",
				);
				GCC_WARN_64_TO_32_BIT_CONVERSION = YES;
				GCC_WARN_ABOUT_RETURN_TYPE = YES_ERROR;
				GCC_WARN_UNDECLARED_SELECTOR = YES;
				GCC_WARN_UNINITIALIZED_AUTOS = YES_AGGRESSIVE;
				GCC_WARN_UNUSED_FUNCTION = YES;
				GCC_WARN_UNUSED_VARIABLE = YES;
				LOCALIZATION_PREFERS_STRING_CATALOGS = YES;
				MACOSX_DEPLOYMENT_TARGET = 15.5;
				MTL_ENABLE_DEBUG_INFO = INCLUDE_SOURCE;
				MTL_FAST_MATH = YES;
				ONLY_ACTIVE_ARCH = YES;
				SDKROOT = macosx;
				SWIFT_ACTIVE_COMPILATION_CONDITIONS = "DEBUG $(inherited)";
				SWIFT_OPTIMIZATION_LEVEL = "-Onone";
			};
			name = Debug;
		};
		04E1AF842E1AED2B002A2102 /* Release */ = {
			isa = XCBuildConfiguration;
			buildSettings = {
				ALWAYS_SEARCH_USER_PATHS = NO;
				ASSETCATALOG_COMPILER_GENERATE_SWIFT_ASSET_SYMBOL_EXTENSIONS = YES;
				CLANG_ANALYZER_NONNULL = YES;
				CLANG_ANALYZER_NUMBER_OBJECT_CONVERSION = YES_AGGRESSIVE;
				CLANG_CXX_LANGUAGE_STANDARD = "gnu++20";
				CLANG_ENABLE_MODULES = YES;
				CLANG_ENABLE_OBJC_ARC = YES;
				CLANG_ENABLE_OBJC_WEAK = YES;
				CLANG_WARN_BLOCK_CAPTURE_AUTORELEASING = YES;
				CLANG_WARN_BOOL_CONVERSION = YES;
				CLANG_WARN_COMMA = YES;
				CLANG_WARN_CONSTANT_CONVERSION = YES;
				CLANG_WARN_DEPRECATED_OBJC_IMPLEMENTATIONS = YES;
				CLANG_WARN_DIRECT_OBJC_ISA_USAGE = YES_ERROR;
				CLANG_WARN_DOCUMENTATION_COMMENTS = YES;
				CLANG_WARN_EMPTY_BODY = YES;
				CLANG_WARN_ENUM_CONVERSION = YES;
				CLANG_WARN_INFINITE_RECURSION = YES;
				CLANG_WARN_INT_CONVERSION = YES;
				CLANG_WARN_NON_LITERAL_NULL_CONVERSION = YES;
				CLANG_WARN_OBJC_IMPLICIT_RETAIN_SELF = YES;
				CLANG_WARN_OBJC_LITERAL_CONVERSION = YES;
				CLANG_WARN_OBJC_ROOT_CLASS = YES_ERROR;
				CLANG_WARN_QUOTED_INCLUDE_IN_FRAMEWORK_HEADER = YES;
				CLANG_WARN_RANGE_LOOP_ANALYSIS = YES;
				CLANG_WARN_STRICT_PROTOTYPES = YES;
				CLANG_WARN_SUSPICIOUS_MOVE = YES;
				CLANG_WARN_UNGUARDED_AVAILABILITY = YES_AGGRESSIVE;
				CLANG_WARN_UNREACHABLE_CODE = YES;
				CLANG_WARN__DUPLICATE_METHOD_MATCH = YES;
				COPY_PHASE_STRIP = NO;
				DEBUG_INFORMATION_FORMAT = "dwarf-with-dsym";
				ENABLE_NS_ASSERTIONS = NO;
				ENABLE_STRICT_OBJC_MSGSEND = YES;
				ENABLE_USER_SCRIPT_SANDBOXING = YES;
				GCC_C_LANGUAGE_STANDARD = gnu17;
				GCC_NO_COMMON_BLOCKS = YES;
				GCC_WARN_64_TO_32_BIT_CONVERSION = YES;
				GCC_WARN_ABOUT_RETURN_TYPE = YES_ERROR;
				GCC_WARN_UNDECLARED_SELECTOR = YES;
				GCC_WARN_UNINITIALIZED_AUTOS = YES_AGGRESSIVE;
				GCC_WARN_UNUSED_FUNCTION = YES;
				GCC_WARN_UNUSED_VARIABLE = YES;
				LOCALIZATION_PREFERS_STRING_CATALOGS = YES;
				MACOSX_DEPLOYMENT_TARGET = 15.5;
				MTL_ENABLE_DEBUG_INFO = NO;
				MTL_FAST_MATH = YES;
				SDKROOT = macosx;
				SWIFT_COMPILATION_MODE = wholemodule;
			};
			name = Release;
		};
		04E1AF862E1AED2B002A2102 /* Debug */ = {
			isa = XCBuildConfiguration;
			buildSettings = {
				ASSETCATALOG_COMPILER_APPICON_NAME = AppIcon;
				ASSETCATALOG_COMPILER_GLOBAL_ACCENT_COLOR_NAME = AccentColor;
				ASSETCATALOG_COMPILER_INCLUDE_ALL_APPICON_ASSETS = YES;
				CODE_SIGN_ENTITLEMENTS = ClipBoardManager/ClipBoardManager.entitlements;
				CODE_SIGN_IDENTITY = "Apple Development";
				CODE_SIGN_STYLE = Automatic;
				COMBINE_HIDPI_IMAGES = YES;
				CURRENT_PROJECT_VERSION = 1;
				DEVELOPMENT_TEAM = 7VR4SGW6A8;
				ENABLE_PREVIEWS = YES;
				GENERATE_INFOPLIST_FILE = YES;
				INFOPLIST_FILE = ClipBoardManager/Info.plist;
				INFOPLIST_KEY_NSHumanReadableCopyright = "";
				LD_RUNPATH_SEARCH_PATHS = (
					"$(inherited)",
					"@executable_path/../Frameworks",
				);
				MARKETING_VERSION = 1.0;
				PRODUCT_BUNDLE_IDENTIFIER = shepherd.ClipBoardManager;
				PRODUCT_NAME = "$(TARGET_NAME)";
				PROVISIONING_PROFILE_SPECIFIER = "";
				REGISTER_APP_GROUPS = YES;
				SWIFT_EMIT_LOC_STRINGS = YES;
				SWIFT_VERSION = 5.0;
			};
			name = Debug;
		};
		04E1AF872E1AED2B002A2102 /* Release */ = {
			isa = XCBuildConfiguration;
			buildSettings = {
				ASSETCATALOG_COMPILER_APPICON_NAME = AppIcon;
				ASSETCATALOG_COMPILER_GLOBAL_ACCENT_COLOR_NAME = AccentColor;
				ASSETCATALOG_COMPILER_INCLUDE_ALL_APPICON_ASSETS = YES;
				CODE_SIGN_ENTITLEMENTS = ClipBoardManager/ClipBoardManager.entitlements;
				CODE_SIGN_IDENTITY = "Apple Development";
				CODE_SIGN_STYLE = Automatic;
				COMBINE_HIDPI_IMAGES = YES;
				CURRENT_PROJECT_VERSION = 1;
				DEVELOPMENT_TEAM = 7VR4SGW6A8;
				ENABLE_PREVIEWS = YES;
				GENERATE_INFOPLIST_FILE = YES;
				INFOPLIST_FILE = ClipBoardManager/Info.plist;
				INFOPLIST_KEY_NSHumanReadableCopyright = "";
				LD_RUNPATH_SEARCH_PATHS = (
					"$(inherited)",
					"@executable_path/../Frameworks",
				);
				MARKETING_VERSION = 1.0;
				PRODUCT_BUNDLE_IDENTIFIER = shepherd.ClipBoardManager;
				PRODUCT_NAME = "$(TARGET_NAME)";
				PROVISIONING_PROFILE_SPECIFIER = "";
				REGISTER_APP_GROUPS = YES;
				SWIFT_EMIT_LOC_STRINGS = YES;
				SWIFT_VERSION = 5.0;
			};
			name = Release;
		};
		04E1AF892E1AED2B002A2102 /* Debug */ = {
			isa = XCBuildConfiguration;
			buildSettings = {
				BUNDLE_LOADER = "$(TEST_HOST)";
				CODE_SIGN_STYLE = Automatic;
				CURRENT_PROJECT_VERSION = 1;
				GENERATE_INFOPLIST_FILE = YES;
				MACOSX_DEPLOYMENT_TARGET = 15.5;
				MARKETING_VERSION = 1.0;
				PRODUCT_BUNDLE_IDENTIFIER = shepherd.ClipBoardManagerTests;
				PRODUCT_NAME = "$(TARGET_NAME)";
				SWIFT_EMIT_LOC_STRINGS = NO;
				SWIFT_VERSION = 5.0;
				TEST_HOST = "$(BUILT_PRODUCTS_DIR)/ClipBoardManager.app/$(BUNDLE_EXECUTABLE_FOLDER_PATH)/ClipBoardManager";
			};
			name = Debug;
		};
		04E1AF8A2E1AED2B002A2102 /* Release */ = {
			isa = XCBuildConfiguration;
			buildSettings = {
				BUNDLE_LOADER = "$(TEST_HOST)";
				CODE_SIGN_STYLE = Automatic;
				CURRENT_PROJECT_VERSION = 1;
				GENERATE_INFOPLIST_FILE = YES;
				MACOSX_DEPLOYMENT_TARGET = 15.5;
				MARKETING_VERSION = 1.0;
				PRODUCT_BUNDLE_IDENTIFIER = shepherd.ClipBoardManagerTests;
				PRODUCT_NAME = "$(TARGET_NAME)";
				SWIFT_EMIT_LOC_STRINGS = NO;
				SWIFT_VERSION = 5.0;
				TEST_HOST = "$(BUILT_PRODUCTS_DIR)/ClipBoardManager.app/$(BUNDLE_EXECUTABLE_FOLDER_PATH)/ClipBoardManager";
			};
			name = Release;
		};
		04E1AF8C2E1AED2B002A2102 /* Debug */ = {
			isa = XCBuildConfiguration;
			buildSettings = {
				CODE_SIGN_STYLE = Automatic;
				CURRENT_PROJECT_VERSION = 1;
				GENERATE_INFOPLIST_FILE = YES;
				MARKETING_VERSION = 1.0;
				PRODUCT_BUNDLE_IDENTIFIER = shepherd.ClipBoardManagerUITests;
				PRODUCT_NAME = "$(TARGET_NAME)";
				SWIFT_EMIT_LOC_STRINGS = NO;
				SWIFT_VERSION = 5.0;
				TEST_TARGET_NAME = ClipBoardManager;
			};
			name = Debug;
		};
		04E1AF8D2E1AED2B002A2102 /* Release */ = {
			isa = XCBuildConfiguration;
			buildSettings = {
				CODE_SIGN_STYLE = Automatic;
				CURRENT_PROJECT_VERSION = 1;
				GENERATE_INFOPLIST_FILE = YES;
				MARKETING_VERSION = 1.0;
				PRODUCT_BUNDLE_IDENTIFIER = shepherd.ClipBoardManagerUITests;
				PRODUCT_NAME = "$(TARGET_NAME)";
				SWIFT_EMIT_LOC_STRINGS = NO;
				SWIFT_VERSION = 5.0;
				TEST_TARGET_NAME = ClipBoardManager;
			};
			name = Release;
		};
/* End XCBuildConfiguration section */

/* Begin XCConfigurationList section */
		04E1AF5E2E1AED29002A2102 /* Build configuration list for PBXProject "ClipBoardManager" */ = {
			isa = XCConfigurationList;
			buildConfigurations = (
				04E1AF832E1AED2B002A2102 /* Debug */,
				04E1AF842E1AED2B002A2102 /* Release */,
			);
			defaultConfigurationIsVisible = 0;
			defaultConfigurationName = Release;
		};
		04E1AF852E1AED2B002A2102 /* Build configuration list for PBXNativeTarget "ClipBoardManager" */ = {
			isa = XCConfigurationList;
			buildConfigurations = (
				04E1AF862E1AED2B002A2102 /* Debug */,
				04E1AF872E1AED2B002A2102 /* Release */,
			);
			defaultConfigurationIsVisible = 0;
			defaultConfigurationName = Release;
		};
		04E1AF882E1AED2B002A2102 /* Build configuration list for PBXNativeTarget "ClipBoardManagerTests" */ = {
			isa = XCConfigurationList;
			buildConfigurations = (
				04E1AF892E1AED2B002A2102 /* Debug */,
				04E1AF8A2E1AED2B002A2102 /* Release */,
			);
			defaultConfigurationIsVisible = 0;
			defaultConfigurationName = Release;
		};
		04E1AF8B2E1AED2B002A2102 /* Build configuration list for PBXNativeTarget "ClipBoardManagerUITests" */ = {
			isa = XCConfigurationList;
			buildConfigurations = (
				04E1AF8C2E1AED2B002A2102 /* Debug */,
				04E1AF8D2E1AED2B002A2102 /* Release */,
			);
			defaultConfigurationIsVisible = 0;
			defaultConfigurationName = Release;
		};
/* End XCConfigurationList section */
	};
	rootObject = 04E1AF5B2E1AED29002A2102 /* Project object */;
}
